
Microsoft Visual Studio Solution File, Format Version 12.00
# Visual Studio 15
VisualStudioVersion = 15.0.28307.136
MinimumVisualStudioVersion = 10.0.40219.1
Project("{FAE04EC0-301F-11D3-BF4B-00C04F79EFBC}") = "OdeToFood", "OdeToFood\OdeToFood.csproj", "{1A821B2E-1B47-4E7A-922C-62F657BE9CF2}"
EndProject
Global
	GlobalSection(SolutionConfigurationPlatforms) = preSolution
		Debug|Any CPU = Debug|Any CPU
		Release|Any CPU = Release|Any CPU
	EndGlobalSection
	GlobalSection(ProjectConfigurationPlatforms) = postSolution
		{1A821B2E-1B47-4E7A-922C-62F657BE9CF2}.Debug|Any CPU.ActiveCfg = Debug|Any CPU
		{1A821B2E-1B47-4E7A-922C-62F657BE9CF2}.Debug|Any CPU.Build.0 = Debug|Any CPU
		{1A821B2E-1B47-4E7A-922C-62F657BE9CF2}.Release|Any CPU.ActiveCfg = Release|Any CPU
		{1A821B2E-1B47-4E7A-922C-62F657BE9CF2}.Release|Any CPU.Build.0 = Release|Any CPU
	EndGlobalSection
	GlobalSection(SolutionProperties) = preSolution
		HideSolutionNode = FALSE
	EndGlobalSection
	GlobalSection(ExtensibilityGlobals) = postSolution
		SolutionGuid = {6FE5D51F-A93F-40A5-BC89-DA91D6806C22}
	EndGlobalSection
EndGlobal
